// !$*UTF8*$!
{
	archiveVersion = 1;
	classes = {
	};
	objectVersion = 56;
	objects = {

/* Begin PBXBuildFile section */
		A93A953B29CC810C00F8E227 /* iosApp.swift in Sources */ = {isa = PBXBuildFile; fileRef = A93A953A29CC810C00F8E227 /* iosApp.swift */; };
		B100000129CC810C00F8E227 /* CryptoKitSyncProvider.swift in Sources */ = {isa = PBXBuildFile; fileRef = B100000229CC810C00F8E227 /* CryptoKitSyncProvider.swift */; };
		B300000129CC810C00F8E227 /* IosApplicationMappingsProvider.swift in Sources */ = {isa = PBXBuildFile; fileRef = B300000229CC810C00F8E227 /* IosApplicationMappingsProvider.swift */; };
		B200000129CC810C00F8E227 /* CryptoKitSyncProviderTests.swift in Sources */ = {isa = PBXBuildFile; fileRef = B200000229CC810C00F8E227 /* CryptoKitSyncProviderTests.swift */; };
		B400000129CC810C00F8E227 /* ApplicationMappingsStoreTests.swift in Sources */ = {isa = PBXBuildFile; fileRef = B400000229CC810C00F8E227 /* ApplicationMappingsStoreTests.swift */; };
		B500000129CC810C00F8E227 /* SynchronizableKeychainProvider.swift in Sources */ = {isa = PBXBuildFile; fileRef = B500000229CC810C00F8E227 /* SynchronizableKeychainProvider.swift */; };
		D100000129CC810C00F8E227 /* CloudKitMailboxProvider.swift in Sources */ = {isa = PBXBuildFile; fileRef = D100000229CC810C00F8E227 /* CloudKitMailboxProvider.swift */; };
		D200000129CC810C00F8E227 /* CloudKitMailboxLiveBackend.swift in Sources */ = {isa = PBXBuildFile; fileRef = D200000229CC810C00F8E227 /* CloudKitMailboxLiveBackend.swift */; };
		B600000129CC810C00F8E227 /* SynchronizableKeychainProviderTests.swift in Sources */ = {isa = PBXBuildFile; fileRef = B600000229CC810C00F8E227 /* SynchronizableKeychainProviderTests.swift */; };
		D300000129CC810C00F8E227 /* CloudKitMailboxProviderTests.swift in Sources */ = {isa = PBXBuildFile; fileRef = D300000229CC810C00F8E227 /* CloudKitMailboxProviderTests.swift */; };
		E100000129CC810C00F8E227 /* CloudKitMailboxDeviceTests.swift in Sources */ = {isa = PBXBuildFile; fileRef = E100000229CC810C00F8E227 /* CloudKitMailboxDeviceTests.swift */; };
		B700000129CC810C00F8E227 /* IosEnforcementProvider.swift in Sources */ = {isa = PBXBuildFile; fileRef = B700000229CC810C00F8E227 /* IosEnforcementProvider.swift */; };
		B800000129CC810C00F8E227 /* IosEnforcementTests.swift in Sources */ = {isa = PBXBuildFile; fileRef = B800000229CC810C00F8E227 /* IosEnforcementTests.swift */; };
		C900001029CC810C00F8E227 /* DeviceActivityMonitorExtension.swift in Sources */ = {isa = PBXBuildFile; fileRef = C900000229CC810C00F8E227 /* DeviceActivityMonitorExtension.swift */; };
		C900001129CC810C00F8E227 /* SuspendedExpiryClear.swift in Sources */ = {isa = PBXBuildFile; fileRef = C900000529CC810C00F8E227 /* SuspendedExpiryClear.swift */; };
		C900001229CC810C00F8E227 /* SuspendedExpiryClear.swift in Sources */ = {isa = PBXBuildFile; fileRef = C900000529CC810C00F8E227 /* SuspendedExpiryClear.swift */; };
		C900001329CC810C00F8E227 /* SuspendedExpiryScheduler.swift in Sources */ = {isa = PBXBuildFile; fileRef = C900000629CC810C00F8E227 /* SuspendedExpiryScheduler.swift */; };
		F100000129CC810C00F8E227 /* ApplicationAuthorizationAccess.swift in Sources */ = {isa = PBXBuildFile; fileRef = F100000229CC810C00F8E227 /* ApplicationAuthorizationAccess.swift */; };
		C900001429CC810C00F8E227 /* SuspendedExpiryTests.swift in Sources */ = {isa = PBXBuildFile; fileRef = C900000729CC810C00F8E227 /* SuspendedExpiryTests.swift */; };
		F200000129CC810C00F8E227 /* ApplicationAuthorizationAccessTests.swift in Sources */ = {isa = PBXBuildFile; fileRef = F200000229CC810C00F8E227 /* ApplicationAuthorizationAccessTests.swift */; };
		C900001729CC810C00F8E227 /* SuspendedExpiryDeviceTests.swift in Sources */ = {isa = PBXBuildFile; fileRef = C900001629CC810C00F8E227 /* SuspendedExpiryDeviceTests.swift */; };
		C900001529CC810C00F8E227 /* ActivityMonitor.appex in Embed App Extensions */ = {isa = PBXBuildFile; fileRef = C900000129CC810C00F8E227 /* ActivityMonitor.appex */; settings = {ATTRIBUTES = (RemoveHeadersOnCopy, ); }; };
		A93A953F29CC810D00F8E227 /* Assets.xcassets in Resources */ = {isa = PBXBuildFile; fileRef = A93A953E29CC810D00F8E227 /* Assets.xcassets */; };
		AA00000129CC810C00F8E227 /* PrivacyInfo.xcprivacy in Resources */ = {isa = PBXBuildFile; fileRef = AA00000229CC810C00F8E227 /* PrivacyInfo.xcprivacy */; };
		AA00000429CC810C00F8E227 /* PrivacyInfo.xcprivacy in Resources */ = {isa = PBXBuildFile; fileRef = AA00000329CC810C00F8E227 /* PrivacyInfo.xcprivacy */; };
/* End PBXBuildFile section */

/* Begin PBXContainerItemProxy section */
		B200000C29CC810C00F8E227 /* PBXContainerItemProxy */ = {
			isa = PBXContainerItemProxy;
			containerPortal = A93A952F29CC810C00F8E227 /* Project object */;
			proxyType = 1;
			remoteGlobalIDString = A93A953629CC810C00F8E227;
			remoteInfo = iosApp;
		};
		C900003229CC810C00F8E227 /* PBXContainerItemProxy */ = {
			isa = PBXContainerItemProxy;
			containerPortal = A93A952F29CC810C00F8E227 /* Project object */;
			proxyType = 1;
			remoteGlobalIDString = C900003029CC810C00F8E227;
			remoteInfo = ActivityMonitor;
		};
/* End PBXContainerItemProxy section */

/* Begin PBXCopyFilesBuildPhase section */
		C900002229CC810C00F8E227 /* Embed App Extensions */ = {
			isa = PBXCopyFilesBuildPhase;
			buildActionMask = 2147483647;
			dstPath = "";
			dstSubfolderSpec = 13;
			files = (
				C900001529CC810C00F8E227 /* ActivityMonitor.appex in Embed App Extensions */,
			);
			name = "Embed App Extensions";
			runOnlyForDeploymentPostprocessing = 0;
		};
/* End PBXCopyFilesBuildPhase section */

/* Begin PBXFileReference section */
		A93A953729CC810C00F8E227 /* Posato.app */ = {isa = PBXFileReference; explicitFileType = wrapper.application; includeInIndex = 0; path = "Posato.app"; sourceTree = BUILT_PRODUCTS_DIR; };
		A93A953A29CC810C00F8E227 /* iosApp.swift */ = {isa = PBXFileReference; lastKnownFileType = sourcecode.swift; path = iosApp.swift; sourceTree = "<group>"; };
		B100000229CC810C00F8E227 /* CryptoKitSyncProvider.swift */ = {isa = PBXFileReference; lastKnownFileType = sourcecode.swift; path = CryptoKitSyncProvider.swift; sourceTree = "<group>"; };
		B300000229CC810C00F8E227 /* IosApplicationMappingsProvider.swift */ = {isa = PBXFileReference; lastKnownFileType = sourcecode.swift; path = IosApplicationMappingsProvider.swift; sourceTree = "<group>"; };
		B300000329CC810C00F8E227 /* Posato.entitlements */ = {isa = PBXFileReference; lastKnownFileType = text.plist.entitlements; path = Posato.entitlements; sourceTree = "<group>"; };
		B200000229CC810C00F8E227 /* CryptoKitSyncProviderTests.swift */ = {isa = PBXFileReference; lastKnownFileType = sourcecode.swift; path = CryptoKitSyncProviderTests.swift; sourceTree = "<group>"; };
		B400000229CC810C00F8E227 /* ApplicationMappingsStoreTests.swift */ = {isa = PBXFileReference; lastKnownFileType = sourcecode.swift; path = ApplicationMappingsStoreTests.swift; sourceTree = "<group>"; };
		B500000229CC810C00F8E227 /* SynchronizableKeychainProvider.swift */ = {isa = PBXFileReference; lastKnownFileType = sourcecode.swift; path = SynchronizableKeychainProvider.swift; sourceTree = "<group>"; };
		D100000229CC810C00F8E227 /* CloudKitMailboxProvider.swift */ = {isa = PBXFileReference; lastKnownFileType = sourcecode.swift; path = CloudKitMailboxProvider.swift; sourceTree = "<group>"; };
		D200000229CC810C00F8E227 /* CloudKitMailboxLiveBackend.swift */ = {isa = PBXFileReference; lastKnownFileType = sourcecode.swift; path = CloudKitMailboxLiveBackend.swift; sourceTree = "<group>"; };
		B700000229CC810C00F8E227 /* IosEnforcementProvider.swift */ = {isa = PBXFileReference; lastKnownFileType = sourcecode.swift; path = IosEnforcementProvider.swift; sourceTree = "<group>"; };
		B800000229CC810C00F8E227 /* IosEnforcementTests.swift */ = {isa = PBXFileReference; lastKnownFileType = sourcecode.swift; path = IosEnforcementTests.swift; sourceTree = "<group>"; };
		B600000229CC810C00F8E227 /* SynchronizableKeychainProviderTests.swift */ = {isa = PBXFileReference; lastKnownFileType = sourcecode.swift; path = SynchronizableKeychainProviderTests.swift; sourceTree = "<group>"; };
		D300000229CC810C00F8E227 /* CloudKitMailboxProviderTests.swift */ = {isa = PBXFileReference; lastKnownFileType = sourcecode.swift; path = CloudKitMailboxProviderTests.swift; sourceTree = "<group>"; };
		E100000229CC810C00F8E227 /* CloudKitMailboxDeviceTests.swift */ = {isa = PBXFileReference; lastKnownFileType = sourcecode.swift; path = CloudKitMailboxDeviceTests.swift; sourceTree = "<group>"; };
		B200000329CC810C00F8E227 /* PosatoTests.xctest */ = {isa = PBXFileReference; explicitFileType = wrapper.cfbundle; includeInIndex = 0; path = PosatoTests.xctest; sourceTree = BUILT_PRODUCTS_DIR; };
		C900000129CC810C00F8E227 /* ActivityMonitor.appex */ = {isa = PBXFileReference; explicitFileType = "wrapper.app-extension"; includeInIndex = 0; path = ActivityMonitor.appex; sourceTree = BUILT_PRODUCTS_DIR; };
		C900000229CC810C00F8E227 /* DeviceActivityMonitorExtension.swift */ = {isa = PBXFileReference; lastKnownFileType = sourcecode.swift; path = DeviceActivityMonitorExtension.swift; sourceTree = "<group>"; };
		C900000329CC810C00F8E227 /* Info.plist */ = {isa = PBXFileReference; lastKnownFileType = text.plist.xml; path = Info.plist; sourceTree = "<group>"; };
		C900000429CC810C00F8E227 /* ActivityMonitor.entitlements */ = {isa = PBXFileReference; lastKnownFileType = text.plist.entitlements; path = ActivityMonitor.entitlements; sourceTree = "<group>"; };
		C900000529CC810C00F8E227 /* SuspendedExpiryClear.swift */ = {isa = PBXFileReference; lastKnownFileType = sourcecode.swift; path = SuspendedExpiryClear.swift; sourceTree = "<group>"; };
		C900000629CC810C00F8E227 /* SuspendedExpiryScheduler.swift */ = {isa = PBXFileReference; lastKnownFileType = sourcecode.swift; path = SuspendedExpiryScheduler.swift; sourceTree = "<group>"; };
		F100000229CC810C00F8E227 /* ApplicationAuthorizationAccess.swift */ = {isa = PBXFileReference; lastKnownFileType = sourcecode.swift; path = ApplicationAuthorizationAccess.swift; sourceTree = "<group>"; };
		C900000729CC810C00F8E227 /* SuspendedExpiryTests.swift */ = {isa = PBXFileReference; lastKnownFileType = sourcecode.swift; path = SuspendedExpiryTests.swift; sourceTree = "<group>"; };
		F200000229CC810C00F8E227 /* ApplicationAuthorizationAccessTests.swift */ = {isa = PBXFileReference; lastKnownFileType = sourcecode.swift; path = ApplicationAuthorizationAccessTests.swift; sourceTree = "<group>"; };
		C900001629CC810C00F8E227 /* SuspendedExpiryDeviceTests.swift */ = {isa = PBXFileReference; lastKnownFileType = sourcecode.swift; path = SuspendedExpiryDeviceTests.swift; sourceTree = "<group>"; };
		A93A954829CC810D00F8E227 /* Version.xcconfig */ = {isa = PBXFileReference; lastKnownFileType = text.xcconfig; name = Version.xcconfig; path = ../Version.xcconfig; sourceTree = SOURCE_ROOT; };
		A93A953E29CC810D00F8E227 /* Assets.xcassets */ = {isa = PBXFileReference; lastKnownFileType = folder.assetcatalog; path = Assets.xcassets; sourceTree = "<group>"; };
		AA00000229CC810C00F8E227 /* PrivacyInfo.xcprivacy */ = {isa = PBXFileReference; lastKnownFileType = text.xml; path = PrivacyInfo.xcprivacy; sourceTree = "<group>"; };
		AA00000329CC810C00F8E227 /* PrivacyInfo.xcprivacy */ = {isa = PBXFileReference; lastKnownFileType = text.xml; path = PrivacyInfo.xcprivacy; sourceTree = "<group>"; };
/* End PBXFileReference section */

/* Begin PBXFrameworksBuildPhase section */
		A93A953429CC810C00F8E227 /* Frameworks */ = {
			isa = PBXFrameworksBuildPhase;
			buildActionMask = 2147483647;
			files = (
			);
			runOnlyForDeploymentPostprocessing = 0;
		};
		B200000629CC810C00F8E227 /* Frameworks */ = {
			isa = PBXFrameworksBuildPhase;
			buildActionMask = 2147483647;
			files = (
			);
			runOnlyForDeploymentPostprocessing = 0;
		};
		C900002129CC810C00F8E227 /* Frameworks */ = {
			isa = PBXFrameworksBuildPhase;
			buildActionMask = 2147483647;
			files = (
			);
			runOnlyForDeploymentPostprocessing = 0;
		};
/* End PBXFrameworksBuildPhase section */

/* Begin PBXGroup section */
		A93A952E29CC810C00F8E227 = {
			isa = PBXGroup;
			children = (
				A93A954829CC810D00F8E227 /* Version.xcconfig */,
				A93A953929CC810C00F8E227 /* iosApp */,
				C900005029CC810C00F8E227 /* ActivityMonitor */,
				B200000429CC810C00F8E227 /* iosAppTests */,
				A93A953829CC810C00F8E227 /* Products */,
				C4127409AE3703430489E7BC /* Frameworks */,
			);
			sourceTree = "<group>";
		};
		A93A953829CC810C00F8E227 /* Products */ = {
			isa = PBXGroup;
			children = (
				A93A953729CC810C00F8E227 /* Posato.app */,
				C900000129CC810C00F8E227 /* ActivityMonitor.appex */,
				B200000329CC810C00F8E227 /* PosatoTests.xctest */,
			);
			name = Products;
			sourceTree = "<group>";
		};
		C900005029CC810C00F8E227 /* ActivityMonitor */ = {
			isa = PBXGroup;
			children = (
				C900000229CC810C00F8E227 /* DeviceActivityMonitorExtension.swift */,
				C900000329CC810C00F8E227 /* Info.plist */,
				C900000429CC810C00F8E227 /* ActivityMonitor.entitlements */,
				AA00000329CC810C00F8E227 /* PrivacyInfo.xcprivacy */,
			);
			path = ActivityMonitor;
			sourceTree = "<group>";
		};
		A93A953929CC810C00F8E227 /* iosApp */ = {
			isa = PBXGroup;
			children = (
				A93A953A29CC810C00F8E227 /* iosApp.swift */,
				B100000229CC810C00F8E227 /* CryptoKitSyncProvider.swift */,
				B300000229CC810C00F8E227 /* IosApplicationMappingsProvider.swift */,
				B500000229CC810C00F8E227 /* SynchronizableKeychainProvider.swift */,
				D100000229CC810C00F8E227 /* CloudKitMailboxProvider.swift */,
				D200000229CC810C00F8E227 /* CloudKitMailboxLiveBackend.swift */,
				B700000229CC810C00F8E227 /* IosEnforcementProvider.swift */,
				C900000529CC810C00F8E227 /* SuspendedExpiryClear.swift */,
				C900000629CC810C00F8E227 /* SuspendedExpiryScheduler.swift */,
				F100000229CC810C00F8E227 /* ApplicationAuthorizationAccess.swift */,
				B300000329CC810C00F8E227 /* Posato.entitlements */,
				A93A953E29CC810D00F8E227 /* Assets.xcassets */,
				AA00000229CC810C00F8E227 /* PrivacyInfo.xcprivacy */,
			);
			path = iosApp;
			sourceTree = "<group>";
		};
		B200000429CC810C00F8E227 /* iosAppTests */ = {
			isa = PBXGroup;
			children = (
				B200000229CC810C00F8E227 /* CryptoKitSyncProviderTests.swift */,
				B400000229CC810C00F8E227 /* ApplicationMappingsStoreTests.swift */,
				B600000229CC810C00F8E227 /* SynchronizableKeychainProviderTests.swift */,
				D300000229CC810C00F8E227 /* CloudKitMailboxProviderTests.swift */,
				E100000229CC810C00F8E227 /* CloudKitMailboxDeviceTests.swift */,
				B800000229CC810C00F8E227 /* IosEnforcementTests.swift */,
				C900000729CC810C00F8E227 /* SuspendedExpiryTests.swift */,
				C900001629CC810C00F8E227 /* SuspendedExpiryDeviceTests.swift */,
				F200000229CC810C00F8E227 /* ApplicationAuthorizationAccessTests.swift */,
			);
			path = iosAppTests;
			sourceTree = "<group>";
		};
		C4127409AE3703430489E7BC /* Frameworks */ = {
			isa = PBXGroup;
			children = (
			);
			name = Frameworks;
			sourceTree = "<group>";
		};
/* End PBXGroup section */

/* Begin PBXNativeTarget section */
		A93A953629CC810C00F8E227 /* iosApp */ = {
			isa = PBXNativeTarget;
			buildConfigurationList = A93A954529CC810D00F8E227 /* Build configuration list for PBXNativeTarget "iosApp" */;
			buildPhases = (
				A9D80A052AAB5CDE006C8738 /* ShellScript */,
				A93A953329CC810C00F8E227 /* Sources */,
				A93A953429CC810C00F8E227 /* Frameworks */,
				C900002229CC810C00F8E227 /* Embed App Extensions */,
				A93A953529CC810C00F8E227 /* Resources */,
			);
			buildRules = (
			);
			dependencies = (
				C900003129CC810C00F8E227 /* PBXTargetDependency */,
			);
			name = iosApp;
			productName = iosApp;
			productReference = A93A953729CC810C00F8E227 /* Posato.app */;
			productType = "com.apple.product-type.application";
		};
		B200000829CC810C00F8E227 /* iosAppTests */ = {
			isa = PBXNativeTarget;
			buildConfigurationList = B200000B29CC810C00F8E227 /* Build configuration list for PBXNativeTarget "iosAppTests" */;
			buildPhases = (
				B200000529CC810C00F8E227 /* Sources */,
				B200000629CC810C00F8E227 /* Frameworks */,
			);
			buildRules = (
			);
			dependencies = (
				B200000D29CC810C00F8E227 /* PBXTargetDependency */,
			);
			name = iosAppTests;
			productName = PosatoTests;
			productReference = B200000329CC810C00F8E227 /* PosatoTests.xctest */;
			productType = "com.apple.product-type.bundle.unit-test";
		};
		C900003029CC810C00F8E227 /* ActivityMonitor */ = {
			isa = PBXNativeTarget;
			buildConfigurationList = C900004229CC810C00F8E227 /* Build configuration list for PBXNativeTarget "ActivityMonitor" */;
			buildPhases = (
				C900002029CC810C00F8E227 /* Sources */,
				C900002129CC810C00F8E227 /* Frameworks */,
				AA00000529CC810C00F8E227 /* Resources */,
			);
			buildRules = (
			);
			dependencies = (
			);
			name = ActivityMonitor;
			productName = ActivityMonitor;
			productReference = C900000129CC810C00F8E227 /* ActivityMonitor.appex */;
			productType = "com.apple.product-type.app-extension";
		};
/* End PBXNativeTarget section */

/* Begin PBXProject section */
		A93A952F29CC810C00F8E227 /* Project object */ = {
			isa = PBXProject;
			attributes = {
				LastSwiftUpdateCheck = 1420;
				LastUpgradeCheck = 2660;
				TargetAttributes = {
					A93A953629CC810C00F8E227 = {
						CreatedOnToolsVersion = 26.6;
						SystemCapabilities = {
							com.apple.Keychain = {
								enabled = 1;
							};
							com.apple.iCloud = {
								enabled = 1;
							};
						};
					};
					B200000829CC810C00F8E227 = {
						CreatedOnToolsVersion = 26.6;
						TestTargetID = A93A953629CC810C00F8E227;
					};
					C900003029CC810C00F8E227 = {
						CreatedOnToolsVersion = 26.6;
					};
				};
			};
			buildConfigurationList = A93A953229CC810C00F8E227 /* Build configuration list for PBXProject "iosApp" */;
			compatibilityVersion = "Xcode 14.0";
			developmentRegion = en;
			hasScannedForEncodings = 0;
			knownRegions = (
				en,
				Base,
			);
			mainGroup = A93A952E29CC810C00F8E227;
			productRefGroup = A93A953829CC810C00F8E227 /* Products */;
			projectDirPath = "";
			projectRoot = "";
			targets = (
				A93A953629CC810C00F8E227 /* iosApp */,
				C900003029CC810C00F8E227 /* ActivityMonitor */,
				B200000829CC810C00F8E227 /* iosAppTests */,
			);
		};
/* End PBXProject section */

/* Begin PBXResourcesBuildPhase section */
		A93A953529CC810C00F8E227 /* Resources */ = {
			isa = PBXResourcesBuildPhase;
			buildActionMask = 2147483647;
			files = (
				A93A953F29CC810D00F8E227 /* Assets.xcassets in Resources */,
				AA00000129CC810C00F8E227 /* PrivacyInfo.xcprivacy in Resources */,
			);
			runOnlyForDeploymentPostprocessing = 0;
		};
		AA00000529CC810C00F8E227 /* Resources */ = {
			isa = PBXResourcesBuildPhase;
			buildActionMask = 2147483647;
			files = (
				AA00000429CC810C00F8E227 /* PrivacyInfo.xcprivacy in Resources */,
			);
			runOnlyForDeploymentPostprocessing = 0;
		};
/* End PBXResourcesBuildPhase section */

/* Begin PBXShellScriptBuildPhase section */
		A9D80A052AAB5CDE006C8738 /* ShellScript */ = {
			isa = PBXShellScriptBuildPhase;
			alwaysOutOfDate = 1;
			buildActionMask = 2147483647;
			files = (
			);
			inputFileListPaths = (
			);
			inputPaths = (
			);
			outputFileListPaths = (
			);
			outputPaths = (
			);
			runOnlyForDeploymentPostprocessing = 0;
			shellPath = /bin/sh;
			shellScript = "if [ \"YES\" = \"$OVERRIDE_KOTLIN_BUILD_IDE_SUPPORTED\" ]; then\n    exit 0\nfi\ncd \"$SRCROOT/..\"\n./gradlew :shared:embedAndSignAppleFrameworkForXcode\n";
		};
/* End PBXShellScriptBuildPhase section */

/* Begin PBXSourcesBuildPhase section */
		A93A953329CC810C00F8E227 /* Sources */ = {
			isa = PBXSourcesBuildPhase;
			buildActionMask = 2147483647;
			files = (
				A93A953B29CC810C00F8E227 /* iosApp.swift in Sources */,
				B100000129CC810C00F8E227 /* CryptoKitSyncProvider.swift in Sources */,
				B300000129CC810C00F8E227 /* IosApplicationMappingsProvider.swift in Sources */,
				B500000129CC810C00F8E227 /* SynchronizableKeychainProvider.swift in Sources */,
				D100000129CC810C00F8E227 /* CloudKitMailboxProvider.swift in Sources */,
				D200000129CC810C00F8E227 /* CloudKitMailboxLiveBackend.swift in Sources */,
				B700000129CC810C00F8E227 /* IosEnforcementProvider.swift in Sources */,
				C900001229CC810C00F8E227 /* SuspendedExpiryClear.swift in Sources */,
				C900001329CC810C00F8E227 /* SuspendedExpiryScheduler.swift in Sources */,
				F100000129CC810C00F8E227 /* ApplicationAuthorizationAccess.swift in Sources */,
			);
			runOnlyForDeploymentPostprocessing = 0;
		};
		B200000529CC810C00F8E227 /* Sources */ = {
			isa = PBXSourcesBuildPhase;
			buildActionMask = 2147483647;
			files = (
				B200000129CC810C00F8E227 /* CryptoKitSyncProviderTests.swift in Sources */,
				B400000129CC810C00F8E227 /* ApplicationMappingsStoreTests.swift in Sources */,
				B600000129CC810C00F8E227 /* SynchronizableKeychainProviderTests.swift in Sources */,
				D300000129CC810C00F8E227 /* CloudKitMailboxProviderTests.swift in Sources */,
				E100000129CC810C00F8E227 /* CloudKitMailboxDeviceTests.swift in Sources */,
				B800000129CC810C00F8E227 /* IosEnforcementTests.swift in Sources */,
				C900001429CC810C00F8E227 /* SuspendedExpiryTests.swift in Sources */,
				C900001729CC810C00F8E227 /* SuspendedExpiryDeviceTests.swift in Sources */,
				F200000129CC810C00F8E227 /* ApplicationAuthorizationAccessTests.swift in Sources */,
			);
			runOnlyForDeploymentPostprocessing = 0;
		};
		C900002029CC810C00F8E227 /* Sources */ = {
			isa = PBXSourcesBuildPhase;
			buildActionMask = 2147483647;
			files = (
				C900001029CC810C00F8E227 /* DeviceActivityMonitorExtension.swift in Sources */,
				C900001129CC810C00F8E227 /* SuspendedExpiryClear.swift in Sources */,
			);
			runOnlyForDeploymentPostprocessing = 0;
		};
/* End PBXSourcesBuildPhase section */

/* Begin PBXTargetDependency section */
		B200000D29CC810C00F8E227 /* PBXTargetDependency */ = {
			isa = PBXTargetDependency;
			target = A93A953629CC810C00F8E227 /* iosApp */;
			targetProxy = B200000C29CC810C00F8E227 /* PBXContainerItemProxy */;
		};
		C900003129CC810C00F8E227 /* PBXTargetDependency */ = {
			isa = PBXTargetDependency;
			target = C900003029CC810C00F8E227 /* ActivityMonitor */;
			targetProxy = C900003229CC810C00F8E227 /* PBXContainerItemProxy */;
		};
/* End PBXTargetDependency section */

/* Begin XCBuildConfiguration section */
		A93A954329CC810D00F8E227 /* Debug */ = {
			isa = XCBuildConfiguration;
			baseConfigurationReference = A93A954829CC810D00F8E227 /* Version.xcconfig */;
			buildSettings = {
				ALWAYS_SEARCH_USER_PATHS = NO;
				CLANG_ANALYZER_NONNULL = YES;
				CLANG_ANALYZER_NUMBER_OBJECT_CONVERSION = YES_AGGRESSIVE;
				CLANG_CXX_LANGUAGE_STANDARD = "gnu++20";
				CLANG_ENABLE_MODULES = YES;
				CLANG_ENABLE_OBJC_ARC = YES;
				CLANG_ENABLE_OBJC_WEAK = YES;
				CLANG_WARN_BLOCK_CAPTURE_AUTORELEASING = YES;
				CLANG_WARN_BOOL_CONVERSION = YES;
				CLANG_WARN_COMMA = YES;
				CLANG_WARN_CONSTANT_CONVERSION = YES;
				CLANG_WARN_DEPRECATED_OBJC_IMPLEMENTATIONS = YES;
				CLANG_WARN_DIRECT_OBJC_ISA_USAGE = YES_ERROR;
				CLANG_WARN_DOCUMENTATION_COMMENTS = YES;
				CLANG_WARN_EMPTY_BODY = YES;
				CLANG_WARN_ENUM_CONVERSION = YES;
				CLANG_WARN_INFINITE_RECURSION = YES;
				CLANG_WARN_INT_CONVERSION = YES;
				CLANG_WARN_NON_LITERAL_NULL_CONVERSION = YES;
				CLANG_WARN_OBJC_IMPLICIT_RETAIN_SELF = YES;
				CLANG_WARN_OBJC_LITERAL_CONVERSION = YES;
				CLANG_WARN_OBJC_ROOT_CLASS = YES_ERROR;
				CLANG_WARN_QUOTED_INCLUDE_IN_FRAMEWORK_HEADER = YES;
				CLANG_WARN_RANGE_LOOP_ANALYSIS = YES;
				CLANG_WARN_STRICT_PROTOTYPES = YES;
				CLANG_WARN_SUSPICIOUS_MOVE = YES;
				CLANG_WARN_UNGUARDED_AVAILABILITY = YES_AGGRESSIVE;
				CLANG_WARN_UNREACHABLE_CODE = YES;
				CLANG_WARN__DUPLICATE_METHOD_MATCH = YES;
				COPY_PHASE_STRIP = NO;
				CURRENT_PROJECT_VERSION = 1;
				DEBUG_INFORMATION_FORMAT = dwarf;
				ENABLE_STRICT_OBJC_MSGSEND = YES;
				ENABLE_TESTABILITY = YES;
				"EXCLUDED_ARCHS[sdk=iphonesimulator*]" = x86_64;
				GCC_C_LANGUAGE_STANDARD = gnu11;
				GCC_DYNAMIC_NO_PIC = NO;
				GCC_NO_COMMON_BLOCKS = YES;
				GCC_OPTIMIZATION_LEVEL = 0;
				GCC_PREPROCESSOR_DEFINITIONS = (
					"DEBUG=1",
					"$(inherited)",
				);
				GCC_WARN_64_TO_32_BIT_CONVERSION = YES;
				GCC_WARN_ABOUT_RETURN_TYPE = YES_ERROR;
				GCC_WARN_UNDECLARED_SELECTOR = YES;
				GCC_WARN_UNINITIALIZED_AUTOS = YES_AGGRESSIVE;
				GCC_WARN_UNUSED_FUNCTION = YES;
				GCC_WARN_UNUSED_VARIABLE = YES;
				IPHONEOS_DEPLOYMENT_TARGET = 18.0;
				MTL_ENABLE_DEBUG_INFO = INCLUDE_SOURCE;
				MTL_FAST_MATH = YES;
				ONLY_ACTIVE_ARCH = YES;
				SDKROOT = iphoneos;
				SWIFT_ACTIVE_COMPILATION_CONDITIONS = DEBUG;
				SWIFT_OPTIMIZATION_LEVEL = "-Onone";
			};
			name = Debug;
		};
		A93A954429CC810D00F8E227 /* Release */ = {
			isa = XCBuildConfiguration;
			baseConfigurationReference = A93A954829CC810D00F8E227 /* Version.xcconfig */;
			buildSettings = {
				ALWAYS_SEARCH_USER_PATHS = NO;
				CLANG_ANALYZER_NONNULL = YES;
				CLANG_ANALYZER_NUMBER_OBJECT_CONVERSION = YES_AGGRESSIVE;
				CLANG_CXX_LANGUAGE_STANDARD = "gnu++20";
				CLANG_ENABLE_MODULES = YES;
				CLANG_ENABLE_OBJC_ARC = YES;
				CLANG_ENABLE_OBJC_WEAK = YES;
				CLANG_WARN_BLOCK_CAPTURE_AUTORELEASING = YES;
				CLANG_WARN_BOOL_CONVERSION = YES;
				CLANG_WARN_COMMA = YES;
				CLANG_WARN_CONSTANT_CONVERSION = YES;
				CLANG_WARN_DEPRECATED_OBJC_IMPLEMENTATIONS = YES;
				CLANG_WARN_DIRECT_OBJC_ISA_USAGE = YES_ERROR;
				CLANG_WARN_DOCUMENTATION_COMMENTS = YES;
				CLANG_WARN_EMPTY_BODY = YES;
				CLANG_WARN_ENUM_CONVERSION = YES;
				CLANG_WARN_INFINITE_RECURSION = YES;
				CLANG_WARN_INT_CONVERSION = YES;
				CLANG_WARN_NON_LITERAL_NULL_CONVERSION = YES;
				CLANG_WARN_OBJC_IMPLICIT_RETAIN_SELF = YES;
				CLANG_WARN_OBJC_LITERAL_CONVERSION = YES;
				CLANG_WARN_OBJC_ROOT_CLASS = YES_ERROR;
				CLANG_WARN_QUOTED_INCLUDE_IN_FRAMEWORK_HEADER = YES;
				CLANG_WARN_RANGE_LOOP_ANALYSIS = YES;
				CLANG_WARN_STRICT_PROTOTYPES = YES;
				CLANG_WARN_SUSPICIOUS_MOVE = YES;
				CLANG_WARN_UNGUARDED_AVAILABILITY = YES_AGGRESSIVE;
				CLANG_WARN_UNREACHABLE_CODE = YES;
				CLANG_WARN__DUPLICATE_METHOD_MATCH = YES;
				COPY_PHASE_STRIP = NO;
				CURRENT_PROJECT_VERSION = 1;
				DEBUG_INFORMATION_FORMAT = "dwarf-with-dsym";
				ENABLE_NS_ASSERTIONS = NO;
				ENABLE_STRICT_OBJC_MSGSEND = YES;
				"EXCLUDED_ARCHS[sdk=iphonesimulator*]" = x86_64;
				GCC_C_LANGUAGE_STANDARD = gnu11;
				GCC_NO_COMMON_BLOCKS = YES;
				GCC_WARN_64_TO_32_BIT_CONVERSION = YES;
				GCC_WARN_ABOUT_RETURN_TYPE = YES_ERROR;
				GCC_WARN_UNDECLARED_SELECTOR = YES;
				GCC_WARN_UNINITIALIZED_AUTOS = YES_AGGRESSIVE;
				GCC_WARN_UNUSED_FUNCTION = YES;
				GCC_WARN_UNUSED_VARIABLE = YES;
				IPHONEOS_DEPLOYMENT_TARGET = 18.0;
				MTL_ENABLE_DEBUG_INFO = NO;
				MTL_FAST_MATH = YES;
				SDKROOT = iphoneos;
				SWIFT_COMPILATION_MODE = wholemodule;
				SWIFT_OPTIMIZATION_LEVEL = "-O";
				VALIDATE_PRODUCT = YES;
			};
			name = Release;
		};
		A93A954629CC810D00F8E227 /* Debug */ = {
			isa = XCBuildConfiguration;
			buildSettings = {
				ASSETCATALOG_COMPILER_APPICON_NAME = AppIcon;
				ASSETCATALOG_COMPILER_GLOBAL_ACCENT_COLOR_NAME = AccentColor;
				CODE_SIGN_STYLE = Automatic;
				"CODE_SIGN_ENTITLEMENTS[sdk=iphoneos*]" = iosApp/Posato.entitlements;
				GENERATE_INFOPLIST_FILE = YES;
				INFOPLIST_FILE = iosApp/Info.plist;
				INFOPLIST_KEY_UILaunchScreen_Generation = YES;
				INFOPLIST_KEY_UISupportedInterfaceOrientations_iPad = "UIInterfaceOrientationPortrait UIInterfaceOrientationPortraitUpsideDown UIInterfaceOrientationLandscapeLeft UIInterfaceOrientationLandscapeRight";
				INFOPLIST_KEY_UISupportedInterfaceOrientations_iPhone = "UIInterfaceOrientationPortrait UIInterfaceOrientationLandscapeLeft UIInterfaceOrientationLandscapeRight";
				LD_RUNPATH_SEARCH_PATHS = (
					"$(inherited)",
					"@executable_path/Frameworks",
				);
				OTHER_LDFLAGS = "$(inherited) -lsqlite3";
				PRODUCT_BUNDLE_IDENTIFIER = app.posato.ios;
				PRODUCT_NAME = "Posato";
				SWIFT_EMIT_LOC_STRINGS = YES;
				"SWIFT_ACTIVE_COMPILATION_CONDITIONS[sdk=iphoneos*]" = "$(inherited) POSATO_FAMILY_CONTROLS";
				SWIFT_VERSION = 5.0;
				TARGETED_DEVICE_FAMILY = "1,2";
			};
			name = Debug;
		};
		A93A954729CC810D00F8E227 /* Release */ = {
			isa = XCBuildConfiguration;
			buildSettings = {
				ASSETCATALOG_COMPILER_APPICON_NAME = AppIcon;
				ASSETCATALOG_COMPILER_GLOBAL_ACCENT_COLOR_NAME = AccentColor;
				CODE_SIGN_STYLE = Automatic;
				"CODE_SIGN_ENTITLEMENTS[sdk=iphoneos*]" = iosApp/Posato.entitlements;
				GENERATE_INFOPLIST_FILE = YES;
				INFOPLIST_FILE = iosApp/Info.plist;
				INFOPLIST_KEY_UILaunchScreen_Generation = YES;
				INFOPLIST_KEY_UISupportedInterfaceOrientations_iPad = "UIInterfaceOrientationPortrait UIInterfaceOrientationPortraitUpsideDown UIInterfaceOrientationLandscapeLeft UIInterfaceOrientationLandscapeRight";
				INFOPLIST_KEY_UISupportedInterfaceOrientations_iPhone = "UIInterfaceOrientationPortrait UIInterfaceOrientationLandscapeLeft UIInterfaceOrientationLandscapeRight";
				LD_RUNPATH_SEARCH_PATHS = (
					"$(inherited)",
					"@executable_path/Frameworks",
				);
				OTHER_LDFLAGS = "$(inherited) -lsqlite3";
				PRODUCT_BUNDLE_IDENTIFIER = app.posato.ios;
				PRODUCT_NAME = "Posato";
				SWIFT_EMIT_LOC_STRINGS = YES;
				"SWIFT_ACTIVE_COMPILATION_CONDITIONS[sdk=iphoneos*]" = "$(inherited) POSATO_FAMILY_CONTROLS";
				SWIFT_VERSION = 5.0;
				TARGETED_DEVICE_FAMILY = "1,2";
			};
			name = Release;
		};
		B200000929CC810C00F8E227 /* Debug */ = {
			isa = XCBuildConfiguration;
			buildSettings = {
				BUNDLE_LOADER = "$(TEST_HOST)";
				CODE_SIGN_STYLE = Automatic;
				GENERATE_INFOPLIST_FILE = YES;
				IPHONEOS_DEPLOYMENT_TARGET = 18.0;
				PRODUCT_BUNDLE_IDENTIFIER = app.posato.ios.tests;
				PRODUCT_NAME = "$(TARGET_NAME)";
				SWIFT_VERSION = 5.0;
				TARGETED_DEVICE_FAMILY = "1,2";
				TEST_HOST = "$(BUILT_PRODUCTS_DIR)/Posato.app/$(BUNDLE_EXECUTABLE_FOLDER_PATH)/Posato";
			};
			name = Debug;
		};
		B200000A29CC810C00F8E227 /* Release */ = {
			isa = XCBuildConfiguration;
			buildSettings = {
				BUNDLE_LOADER = "$(TEST_HOST)";
				CODE_SIGN_STYLE = Automatic;
				GENERATE_INFOPLIST_FILE = YES;
				IPHONEOS_DEPLOYMENT_TARGET = 18.0;
				PRODUCT_BUNDLE_IDENTIFIER = app.posato.ios.tests;
				PRODUCT_NAME = "$(TARGET_NAME)";
				SWIFT_VERSION = 5.0;
				TARGETED_DEVICE_FAMILY = "1,2";
				TEST_HOST = "$(BUILT_PRODUCTS_DIR)/Posato.app/$(BUNDLE_EXECUTABLE_FOLDER_PATH)/Posato";
			};
			name = Release;
		};
		C900004029CC810C00F8E227 /* Debug */ = {
			isa = XCBuildConfiguration;
			buildSettings = {
				CODE_SIGN_STYLE = Automatic;
				"CODE_SIGN_ENTITLEMENTS[sdk=iphoneos*]" = ActivityMonitor/ActivityMonitor.entitlements;
				GENERATE_INFOPLIST_FILE = NO;
				INFOPLIST_FILE = ActivityMonitor/Info.plist;
				IPHONEOS_DEPLOYMENT_TARGET = 18.0;
				LD_RUNPATH_SEARCH_PATHS = (
					"$(inherited)",
					"@executable_path/../../Frameworks",
				);
				PRODUCT_BUNDLE_IDENTIFIER = app.posato.ios.activitymonitor;
				PRODUCT_NAME = "$(TARGET_NAME)";
				SKIP_INSTALL = YES;
				SWIFT_VERSION = 5.0;
				TARGETED_DEVICE_FAMILY = "1,2";
			};
			name = Debug;
		};
		C900004129CC810C00F8E227 /* Release */ = {
			isa = XCBuildConfiguration;
			buildSettings = {
				CODE_SIGN_STYLE = Automatic;
				"CODE_SIGN_ENTITLEMENTS[sdk=iphoneos*]" = ActivityMonitor/ActivityMonitor.entitlements;
				GENERATE_INFOPLIST_FILE = NO;
				INFOPLIST_FILE = ActivityMonitor/Info.plist;
				IPHONEOS_DEPLOYMENT_TARGET = 18.0;
				LD_RUNPATH_SEARCH_PATHS = (
					"$(inherited)",
					"@executable_path/../../Frameworks",
				);
				PRODUCT_BUNDLE_IDENTIFIER = app.posato.ios.activitymonitor;
				PRODUCT_NAME = "$(TARGET_NAME)";
				SKIP_INSTALL = YES;
				SWIFT_VERSION = 5.0;
				TARGETED_DEVICE_FAMILY = "1,2";
			};
			name = Release;
		};
/* End XCBuildConfiguration section */

/* Begin XCConfigurationList section */
		A93A953229CC810C00F8E227 /* Build configuration list for PBXProject "iosApp" */ = {
			isa = XCConfigurationList;
			buildConfigurations = (
				A93A954329CC810D00F8E227 /* Debug */,
				A93A954429CC810D00F8E227 /* Release */,
			);
			defaultConfigurationIsVisible = 0;
			defaultConfigurationName = Release;
		};
		A93A954529CC810D00F8E227 /* Build configuration list for PBXNativeTarget "iosApp" */ = {
			isa = XCConfigurationList;
			buildConfigurations = (
				A93A954629CC810D00F8E227 /* Debug */,
				A93A954729CC810D00F8E227 /* Release */,
			);
			defaultConfigurationIsVisible = 0;
			defaultConfigurationName = Release;
		};
		B200000B29CC810C00F8E227 /* Build configuration list for PBXNativeTarget "iosAppTests" */ = {
			isa = XCConfigurationList;
			buildConfigurations = (
				B200000929CC810C00F8E227 /* Debug */,
				B200000A29CC810C00F8E227 /* Release */,
			);
			defaultConfigurationIsVisible = 0;
			defaultConfigurationName = Release;
		};
		C900004229CC810C00F8E227 /* Build configuration list for PBXNativeTarget "ActivityMonitor" */ = {
			isa = XCConfigurationList;
			buildConfigurations = (
				C900004029CC810C00F8E227 /* Debug */,
				C900004129CC810C00F8E227 /* Release */,
			);
			defaultConfigurationIsVisible = 0;
			defaultConfigurationName = Release;
		};
/* End XCConfigurationList section */
	};
	rootObject = A93A952F29CC810C00F8E227 /* Project object */;
}
