// !$*UTF8*$!
{
	archiveVersion = 1;
	classes = {
	};
	objectVersion = 56;
	objects = {

/* Begin PBXBuildFile section */
		D5A0000000000000000000A050 /* PosatoDriverHostApp.swift in Sources */ = {isa = PBXBuildFile; fileRef = D5A0000000000000000000A040 /* PosatoDriverHostApp.swift */; };
		D5A0000000000000000000A051 /* ScenarioModels.swift in Sources */ = {isa = PBXBuildFile; fileRef = D5A0000000000000000000A041 /* ScenarioModels.swift */; };
		D5A0000000000000000000A052 /* SnapshotSerializer.swift in Sources */ = {isa = PBXBuildFile; fileRef = D5A0000000000000000000A042 /* SnapshotSerializer.swift */; };
		D5A0000000000000000000A053 /* ScenarioExecutor.swift in Sources */ = {isa = PBXBuildFile; fileRef = D5A0000000000000000000A043 /* ScenarioExecutor.swift */; };
		D5A0000000000000000000A054 /* DriverTests.swift in Sources */ = {isa = PBXBuildFile; fileRef = D5A0000000000000000000A044 /* DriverTests.swift */; };
/* End PBXBuildFile section */

/* Begin PBXContainerItemProxy section */
		D5A0000000000000000000A039 /* PBXContainerItemProxy */ = {
			isa = PBXContainerItemProxy;
			containerPortal = D5A0000000000000000000A001 /* Project object */;
			proxyType = 1;
			remoteGlobalIDString = D5A0000000000000000000A020;
			remoteInfo = PosatoDriverHost;
		};
/* End PBXContainerItemProxy section */

/* Begin PBXFileReference section */
		D5A0000000000000000000A027 /* PosatoDriverHost.app */ = {isa = PBXFileReference; explicitFileType = wrapper.application; includeInIndex = 0; path = PosatoDriverHost.app; sourceTree = BUILT_PRODUCTS_DIR; };
		D5A0000000000000000000A037 /* PosatoDriverUITests.xctest */ = {isa = PBXFileReference; explicitFileType = wrapper.cfbundle; includeInIndex = 0; path = PosatoDriverUITests.xctest; sourceTree = BUILT_PRODUCTS_DIR; };
		D5A0000000000000000000A040 /* PosatoDriverHostApp.swift */ = {isa = PBXFileReference; lastKnownFileType = sourcecode.swift; path = PosatoDriverHostApp.swift; sourceTree = "<group>"; };
		D5A0000000000000000000A041 /* ScenarioModels.swift */ = {isa = PBXFileReference; lastKnownFileType = sourcecode.swift; path = ScenarioModels.swift; sourceTree = "<group>"; };
		D5A0000000000000000000A042 /* SnapshotSerializer.swift */ = {isa = PBXFileReference; lastKnownFileType = sourcecode.swift; path = SnapshotSerializer.swift; sourceTree = "<group>"; };
		D5A0000000000000000000A043 /* ScenarioExecutor.swift */ = {isa = PBXFileReference; lastKnownFileType = sourcecode.swift; path = ScenarioExecutor.swift; sourceTree = "<group>"; };
		D5A0000000000000000000A044 /* DriverTests.swift */ = {isa = PBXFileReference; lastKnownFileType = sourcecode.swift; path = DriverTests.swift; sourceTree = "<group>"; };
/* End PBXFileReference section */

/* Begin PBXFrameworksBuildPhase section */
		D5A0000000000000000000A025 /* Frameworks */ = {
			isa = PBXFrameworksBuildPhase;
			buildActionMask = 2147483647;
			files = (
			);
			runOnlyForDeploymentPostprocessing = 0;
		};
		D5A0000000000000000000A035 /* Frameworks */ = {
			isa = PBXFrameworksBuildPhase;
			buildActionMask = 2147483647;
			files = (
			);
			runOnlyForDeploymentPostprocessing = 0;
		};
/* End PBXFrameworksBuildPhase section */

/* Begin PBXGroup section */
		D5A0000000000000000000A010 = {
			isa = PBXGroup;
			children = (
				D5A0000000000000000000A012 /* PosatoDriverHost */,
				D5A0000000000000000000A013 /* PosatoDriverUITests */,
				D5A0000000000000000000A011 /* Products */,
			);
			sourceTree = "<group>";
		};
		D5A0000000000000000000A011 /* Products */ = {
			isa = PBXGroup;
			children = (
				D5A0000000000000000000A027 /* PosatoDriverHost.app */,
				D5A0000000000000000000A037 /* PosatoDriverUITests.xctest */,
			);
			name = Products;
			sourceTree = "<group>";
		};
		D5A0000000000000000000A012 /* PosatoDriverHost */ = {
			isa = PBXGroup;
			children = (
				D5A0000000000000000000A040 /* PosatoDriverHostApp.swift */,
			);
			path = PosatoDriverHost;
			sourceTree = "<group>";
		};
		D5A0000000000000000000A013 /* PosatoDriverUITests */ = {
			isa = PBXGroup;
			children = (
				D5A0000000000000000000A041 /* ScenarioModels.swift */,
				D5A0000000000000000000A042 /* SnapshotSerializer.swift */,
				D5A0000000000000000000A043 /* ScenarioExecutor.swift */,
				D5A0000000000000000000A044 /* DriverTests.swift */,
			);
			path = PosatoDriverUITests;
			sourceTree = "<group>";
		};
/* End PBXGroup section */

/* Begin PBXNativeTarget section */
		D5A0000000000000000000A020 /* PosatoDriverHost */ = {
			isa = PBXNativeTarget;
			buildConfigurationList = D5A0000000000000000000A021 /* Build configuration list for PBXNativeTarget "PosatoDriverHost" */;
			buildPhases = (
				D5A0000000000000000000A024 /* Sources */,
				D5A0000000000000000000A025 /* Frameworks */,
				D5A0000000000000000000A026 /* Resources */,
			);
			buildRules = (
			);
			dependencies = (
			);
			name = PosatoDriverHost;
			productName = PosatoDriverHost;
			productReference = D5A0000000000000000000A027 /* PosatoDriverHost.app */;
			productType = "com.apple.product-type.application";
		};
		D5A0000000000000000000A030 /* PosatoDriverUITests */ = {
			isa = PBXNativeTarget;
			buildConfigurationList = D5A0000000000000000000A031 /* Build configuration list for PBXNativeTarget "PosatoDriverUITests" */;
			buildPhases = (
				D5A0000000000000000000A034 /* Sources */,
				D5A0000000000000000000A035 /* Frameworks */,
				D5A0000000000000000000A036 /* Resources */,
			);
			buildRules = (
			);
			dependencies = (
				D5A0000000000000000000A038 /* PBXTargetDependency */,
			);
			name = PosatoDriverUITests;
			productName = PosatoDriverUITests;
			productReference = D5A0000000000000000000A037 /* PosatoDriverUITests.xctest */;
			productType = "com.apple.product-type.bundle.ui-testing";
		};
/* End PBXNativeTarget section */

/* Begin PBXProject section */
		D5A0000000000000000000A001 /* Project object */ = {
			isa = PBXProject;
			attributes = {
				BuildIndependentTargetsInParallel = 1;
				LastSwiftUpdateCheck = 2660;
				LastUpgradeCheck = 2660;
				TargetAttributes = {
					D5A0000000000000000000A020 = {
						CreatedOnToolsVersion = 26.6;
					};
					D5A0000000000000000000A030 = {
						CreatedOnToolsVersion = 26.6;
						TestTargetID = D5A0000000000000000000A020;
					};
				};
			};
			buildConfigurationList = D5A0000000000000000000A002 /* Build configuration list for PBXProject "PosatoDriver" */;
			compatibilityVersion = "Xcode 14.0";
			developmentRegion = en;
			hasScannedForEncodings = 0;
			knownRegions = (
				en,
				Base,
			);
			mainGroup = D5A0000000000000000000A010;
			productRefGroup = D5A0000000000000000000A011 /* Products */;
			projectDirPath = "";
			projectRoot = "";
			targets = (
				D5A0000000000000000000A020 /* PosatoDriverHost */,
				D5A0000000000000000000A030 /* PosatoDriverUITests */,
			);
		};
/* End PBXProject section */

/* Begin PBXResourcesBuildPhase section */
		D5A0000000000000000000A026 /* Resources */ = {
			isa = PBXResourcesBuildPhase;
			buildActionMask = 2147483647;
			files = (
			);
			runOnlyForDeploymentPostprocessing = 0;
		};
		D5A0000000000000000000A036 /* Resources */ = {
			isa = PBXResourcesBuildPhase;
			buildActionMask = 2147483647;
			files = (
			);
			runOnlyForDeploymentPostprocessing = 0;
		};
/* End PBXResourcesBuildPhase section */

/* Begin PBXSourcesBuildPhase section */
		D5A0000000000000000000A024 /* Sources */ = {
			isa = PBXSourcesBuildPhase;
			buildActionMask = 2147483647;
			files = (
				D5A0000000000000000000A050 /* PosatoDriverHostApp.swift in Sources */,
			);
			runOnlyForDeploymentPostprocessing = 0;
		};
		D5A0000000000000000000A034 /* Sources */ = {
			isa = PBXSourcesBuildPhase;
			buildActionMask = 2147483647;
			files = (
				D5A0000000000000000000A051 /* ScenarioModels.swift in Sources */,
				D5A0000000000000000000A052 /* SnapshotSerializer.swift in Sources */,
				D5A0000000000000000000A053 /* ScenarioExecutor.swift in Sources */,
				D5A0000000000000000000A054 /* DriverTests.swift in Sources */,
			);
			runOnlyForDeploymentPostprocessing = 0;
		};
/* End PBXSourcesBuildPhase section */

/* Begin PBXTargetDependency section */
		D5A0000000000000000000A038 /* PBXTargetDependency */ = {
			isa = PBXTargetDependency;
			target = D5A0000000000000000000A020 /* PosatoDriverHost */;
			targetProxy = D5A0000000000000000000A039 /* PBXContainerItemProxy */;
		};
/* End PBXTargetDependency section */

/* Begin XCBuildConfiguration section */
		D5A0000000000000000000A003 /* Debug */ = {
			isa = XCBuildConfiguration;
			buildSettings = {
				ALWAYS_SEARCH_USER_PATHS = NO;
				CLANG_ANALYZER_NONNULL = YES;
				CLANG_ANALYZER_NUMBER_OBJECT_CONVERSION = YES_AGGRESSIVE;
				CLANG_CXX_LANGUAGE_STANDARD = "gnu++20";
				CLANG_ENABLE_MODULES = YES;
				CLANG_ENABLE_OBJC_ARC = YES;
				CLANG_ENABLE_OBJC_WEAK = YES;
				CLANG_WARN_BLOCK_CAPTURE_AUTORELEASING = YES;
				CLANG_WARN_BOOL_CONVERSION = YES;
				CLANG_WARN_COMMA = YES;
				CLANG_WARN_CONSTANT_CONVERSION = YES;
				CLANG_WARN_DEPRECATED_OBJC_IMPLEMENTATIONS = YES;
				CLANG_WARN_DIRECT_OBJC_ISA_USAGE = YES_ERROR;
				CLANG_WARN_DOCUMENTATION_COMMENTS = YES;
				CLANG_WARN_EMPTY_BODY = YES;
				CLANG_WARN_ENUM_CONVERSION = YES;
				CLANG_WARN_INFINITE_RECURSION = YES;
				CLANG_WARN_INT_CONVERSION = YES;
				CLANG_WARN_NON_LITERAL_NULL_CONVERSION = YES;
				CLANG_WARN_OBJC_IMPLICIT_RETAIN_SELF = YES;
				CLANG_WARN_OBJC_LITERAL_CONVERSION = YES;
				CLANG_WARN_OBJC_ROOT_CLASS = YES_ERROR;
				CLANG_WARN_QUOTED_INCLUDE_IN_FRAMEWORK_HEADER = YES;
				CLANG_WARN_RANGE_LOOP_ANALYSIS = YES;
				CLANG_WARN_STRICT_PROTOTYPES = YES;
				CLANG_WARN_SUSPICIOUS_MOVE = YES;
				CLANG_WARN_UNGUARDED_AVAILABILITY = YES_AGGRESSIVE;
				CLANG_WARN_UNREACHABLE_CODE = YES;
				CLANG_WARN__DUPLICATE_METHOD_MATCH = YES;
				COPY_PHASE_STRIP = NO;
				DEBUG_INFORMATION_FORMAT = dwarf;
				ENABLE_STRICT_OBJC_MSGSEND = YES;
				ENABLE_TESTABILITY = YES;
				ENABLE_USER_SCRIPT_SANDBOXING = YES;
				"EXCLUDED_ARCHS[sdk=iphonesimulator*]" = x86_64;
				GCC_C_LANGUAGE_STANDARD = gnu11;
				GCC_DYNAMIC_NO_PIC = NO;
				GCC_NO_COMMON_BLOCKS = YES;
				GCC_OPTIMIZATION_LEVEL = 0;
				GCC_PREPROCESSOR_DEFINITIONS = (
					"DEBUG=1",
					"$(inherited)",
				);
				GCC_WARN_64_TO_32_BIT_CONVERSION = YES;
				GCC_WARN_ABOUT_RETURN_TYPE = YES_ERROR;
				GCC_WARN_UNDECLARED_SELECTOR = YES;
				GCC_WARN_UNINITIALIZED_AUTOS = YES_AGGRESSIVE;
				GCC_WARN_UNUSED_FUNCTION = YES;
				GCC_WARN_UNUSED_VARIABLE = YES;
				IPHONEOS_DEPLOYMENT_TARGET = 18.0;
				MTL_ENABLE_DEBUG_INFO = INCLUDE_SOURCE;
				MTL_FAST_MATH = YES;
				ONLY_ACTIVE_ARCH = YES;
				SDKROOT = iphoneos;
				SWIFT_ACTIVE_COMPILATION_CONDITIONS = DEBUG;
				SWIFT_OPTIMIZATION_LEVEL = "-Onone";
				SWIFT_VERSION = 5.0;
			};
			name = Debug;
		};
		D5A0000000000000000000A004 /* Release */ = {
			isa = XCBuildConfiguration;
			buildSettings = {
				ALWAYS_SEARCH_USER_PATHS = NO;
				CLANG_ANALYZER_NONNULL = YES;
				CLANG_ANALYZER_NUMBER_OBJECT_CONVERSION = YES_AGGRESSIVE;
				CLANG_CXX_LANGUAGE_STANDARD = "gnu++20";
				CLANG_ENABLE_MODULES = YES;
				CLANG_ENABLE_OBJC_ARC = YES;
				CLANG_ENABLE_OBJC_WEAK = YES;
				CLANG_WARN_BLOCK_CAPTURE_AUTORELEASING = YES;
				CLANG_WARN_BOOL_CONVERSION = YES;
				CLANG_WARN_COMMA = YES;
				CLANG_WARN_CONSTANT_CONVERSION = YES;
				CLANG_WARN_DEPRECATED_OBJC_IMPLEMENTATIONS = YES;
				CLANG_WARN_DIRECT_OBJC_ISA_USAGE = YES_ERROR;
				CLANG_WARN_DOCUMENTATION_COMMENTS = YES;
				CLANG_WARN_EMPTY_BODY = YES;
				CLANG_WARN_ENUM_CONVERSION = YES;
				CLANG_WARN_INFINITE_RECURSION = YES;
				CLANG_WARN_INT_CONVERSION = YES;
				CLANG_WARN_NON_LITERAL_NULL_CONVERSION = YES;
				CLANG_WARN_OBJC_IMPLICIT_RETAIN_SELF = YES;
				CLANG_WARN_OBJC_LITERAL_CONVERSION = YES;
				CLANG_WARN_OBJC_ROOT_CLASS = YES_ERROR;
				CLANG_WARN_QUOTED_INCLUDE_IN_FRAMEWORK_HEADER = YES;
				CLANG_WARN_RANGE_LOOP_ANALYSIS = YES;
				CLANG_WARN_STRICT_PROTOTYPES = YES;
				CLANG_WARN_SUSPICIOUS_MOVE = YES;
				CLANG_WARN_UNGUARDED_AVAILABILITY = YES_AGGRESSIVE;
				CLANG_WARN_UNREACHABLE_CODE = YES;
				CLANG_WARN__DUPLICATE_METHOD_MATCH = YES;
				COPY_PHASE_STRIP = NO;
				DEBUG_INFORMATION_FORMAT = "dwarf-with-dsym";
				ENABLE_NS_ASSERTIONS = NO;
				ENABLE_STRICT_OBJC_MSGSEND = YES;
				ENABLE_USER_SCRIPT_SANDBOXING = YES;
				"EXCLUDED_ARCHS[sdk=iphonesimulator*]" = x86_64;
				GCC_C_LANGUAGE_STANDARD = gnu11;
				GCC_NO_COMMON_BLOCKS = YES;
				GCC_WARN_64_TO_32_BIT_CONVERSION = YES;
				GCC_WARN_ABOUT_RETURN_TYPE = YES_ERROR;
				GCC_WARN_UNDECLARED_SELECTOR = YES;
				GCC_WARN_UNINITIALIZED_AUTOS = YES_AGGRESSIVE;
				GCC_WARN_UNUSED_FUNCTION = YES;
				GCC_WARN_UNUSED_VARIABLE = YES;
				IPHONEOS_DEPLOYMENT_TARGET = 18.0;
				MTL_ENABLE_DEBUG_INFO = NO;
				MTL_FAST_MATH = YES;
				SDKROOT = iphoneos;
				SWIFT_COMPILATION_MODE = wholemodule;
				SWIFT_OPTIMIZATION_LEVEL = "-O";
				SWIFT_VERSION = 5.0;
				VALIDATE_PRODUCT = YES;
			};
			name = Release;
		};
		D5A0000000000000000000A022 /* Debug */ = {
			isa = XCBuildConfiguration;
			buildSettings = {
				CODE_SIGN_STYLE = Automatic;
				CURRENT_PROJECT_VERSION = 1;
				GENERATE_INFOPLIST_FILE = YES;
				INFOPLIST_KEY_UIApplicationSceneManifest_Generation = YES;
				INFOPLIST_KEY_UIApplicationSupportsIndirectInputEvents = YES;
				INFOPLIST_KEY_UILaunchScreen_Generation = YES;
				INFOPLIST_KEY_UISupportedInterfaceOrientations_iPad = "UIInterfaceOrientationPortrait UIInterfaceOrientationPortraitUpsideDown UIInterfaceOrientationLandscapeLeft UIInterfaceOrientationLandscapeRight";
				INFOPLIST_KEY_UISupportedInterfaceOrientations_iPhone = "UIInterfaceOrientationPortrait UIInterfaceOrientationLandscapeLeft UIInterfaceOrientationLandscapeRight";
				IPHONEOS_DEPLOYMENT_TARGET = 18.0;
				LD_RUNPATH_SEARCH_PATHS = (
					"$(inherited)",
					"@executable_path/Frameworks",
				);
				MARKETING_VERSION = 1.0;
				PRODUCT_BUNDLE_IDENTIFIER = app.posato.ios.driverhost;
				PRODUCT_NAME = PosatoDriverHost;
				SWIFT_EMIT_LOC_STRINGS = YES;
				SWIFT_VERSION = 5.0;
				TARGETED_DEVICE_FAMILY = "1,2";
			};
			name = Debug;
		};
		D5A0000000000000000000A023 /* Release */ = {
			isa = XCBuildConfiguration;
			buildSettings = {
				CODE_SIGN_STYLE = Automatic;
				CURRENT_PROJECT_VERSION = 1;
				GENERATE_INFOPLIST_FILE = YES;
				INFOPLIST_KEY_UIApplicationSceneManifest_Generation = YES;
				INFOPLIST_KEY_UIApplicationSupportsIndirectInputEvents = YES;
				INFOPLIST_KEY_UILaunchScreen_Generation = YES;
				INFOPLIST_KEY_UISupportedInterfaceOrientations_iPad = "UIInterfaceOrientationPortrait UIInterfaceOrientationPortraitUpsideDown UIInterfaceOrientationLandscapeLeft UIInterfaceOrientationLandscapeRight";
				INFOPLIST_KEY_UISupportedInterfaceOrientations_iPhone = "UIInterfaceOrientationPortrait UIInterfaceOrientationLandscapeLeft UIInterfaceOrientationLandscapeRight";
				IPHONEOS_DEPLOYMENT_TARGET = 18.0;
				LD_RUNPATH_SEARCH_PATHS = (
					"$(inherited)",
					"@executable_path/Frameworks",
				);
				MARKETING_VERSION = 1.0;
				PRODUCT_BUNDLE_IDENTIFIER = app.posato.ios.driverhost;
				PRODUCT_NAME = PosatoDriverHost;
				SWIFT_EMIT_LOC_STRINGS = YES;
				SWIFT_VERSION = 5.0;
				TARGETED_DEVICE_FAMILY = "1,2";
			};
			name = Release;
		};
		D5A0000000000000000000A032 /* Debug */ = {
			isa = XCBuildConfiguration;
			buildSettings = {
				CODE_SIGN_STYLE = Automatic;
				CURRENT_PROJECT_VERSION = 1;
				GENERATE_INFOPLIST_FILE = YES;
				IPHONEOS_DEPLOYMENT_TARGET = 18.0;
				LD_RUNPATH_SEARCH_PATHS = (
					"$(inherited)",
					"@executable_path/Frameworks",
					"@loader_path/Frameworks",
				);
				MARKETING_VERSION = 1.0;
				PRODUCT_BUNDLE_IDENTIFIER = app.posato.ios.driver;
				PRODUCT_NAME = "$(TARGET_NAME)";
				SWIFT_EMIT_LOC_STRINGS = NO;
				SWIFT_VERSION = 5.0;
				TARGETED_DEVICE_FAMILY = "1,2";
				TEST_TARGET_NAME = PosatoDriverHost;
			};
			name = Debug;
		};
		D5A0000000000000000000A033 /* Release */ = {
			isa = XCBuildConfiguration;
			buildSettings = {
				CODE_SIGN_STYLE = Automatic;
				CURRENT_PROJECT_VERSION = 1;
				GENERATE_INFOPLIST_FILE = YES;
				IPHONEOS_DEPLOYMENT_TARGET = 18.0;
				LD_RUNPATH_SEARCH_PATHS = (
					"$(inherited)",
					"@executable_path/Frameworks",
					"@loader_path/Frameworks",
				);
				MARKETING_VERSION = 1.0;
				PRODUCT_BUNDLE_IDENTIFIER = app.posato.ios.driver;
				PRODUCT_NAME = "$(TARGET_NAME)";
				SWIFT_EMIT_LOC_STRINGS = NO;
				SWIFT_VERSION = 5.0;
				TARGETED_DEVICE_FAMILY = "1,2";
				TEST_TARGET_NAME = PosatoDriverHost;
			};
			name = Release;
		};
/* End XCBuildConfiguration section */

/* Begin XCConfigurationList section */
		D5A0000000000000000000A002 /* Build configuration list for PBXProject "PosatoDriver" */ = {
			isa = XCConfigurationList;
			buildConfigurations = (
				D5A0000000000000000000A003 /* Debug */,
				D5A0000000000000000000A004 /* Release */,
			);
			defaultConfigurationIsVisible = 0;
			defaultConfigurationName = Release;
		};
		D5A0000000000000000000A021 /* Build configuration list for PBXNativeTarget "PosatoDriverHost" */ = {
			isa = XCConfigurationList;
			buildConfigurations = (
				D5A0000000000000000000A022 /* Debug */,
				D5A0000000000000000000A023 /* Release */,
			);
			defaultConfigurationIsVisible = 0;
			defaultConfigurationName = Release;
		};
		D5A0000000000000000000A031 /* Build configuration list for PBXNativeTarget "PosatoDriverUITests" */ = {
			isa = XCConfigurationList;
			buildConfigurations = (
				D5A0000000000000000000A032 /* Debug */,
				D5A0000000000000000000A033 /* Release */,
			);
			defaultConfigurationIsVisible = 0;
			defaultConfigurationName = Release;
		};
/* End XCConfigurationList section */
	};
	rootObject = D5A0000000000000000000A001 /* Project object */;
}
